# THIS IS AN AUTOGENERATED FILE. DO NOT EDIT THIS FILE DIRECTLY.
# yarn lockfile v1


"@prisma/client@5.16.0":
  version "5.16.0"
  resolved "https://registry.yarnpkg.com/@prisma/client/-/client-5.16.0.tgz#903495c4a0c91891b04ddcbd25cc42705d861fae"
  integrity sha512-8NOQSzgrSgpU2YcNm4MsPR4/vNvZdUBPuyX89PwWlClSKZeDjPSZ8+eds/ffu1Ttrjnm8V8D0hjgqpyc6wyqDg==

"@prisma/debug@5.16.0":
  version "5.16.0"
  resolved "https://registry.yarnpkg.com/@prisma/debug/-/debug-5.16.0.tgz#9cd4ad1380a564048cf3c28795351581038d0dd4"
  integrity sha512-pfdOGxMShqZKkNNskYB0yXICsqL6rOkQUKNktouUZ9Y9ASd5736+ae2fpzif7onwJiIyEpu/yvOO3rFUbliKTA==

"@prisma/engines-version@5.16.0-24.34ace0eb2704183d2c05b60b52fba5c43c13f303":
  version "5.16.0-24.34ace0eb2704183d2c05b60b52fba5c43c13f303"
  resolved "https://registry.yarnpkg.com/@prisma/engines-version/-/engines-version-5.16.0-24.34ace0eb2704183d2c05b60b52fba5c43c13f303.tgz#63ceebefb7daa1eb17f250cad75d35999a50ee1b"
  integrity sha512-HkT2WbfmFZ9WUPyuJHhkiADxazHg8Y4gByrTSVeb3OikP6tjQ7txtSUGu9OBOBH0C13dPKN2qqH12xKtHu/Hiw==

"@prisma/engines@5.16.0":
  version "5.16.0"
  resolved "https://registry.yarnpkg.com/@prisma/engines/-/engines-5.16.0.tgz#1995b56503e062169602bdc74808c4b9b569b115"
  integrity sha512-OGvi/GvLX3XwTWQ+k/57kLyHGidQ8rC8zB+Zq9nEE7gegjazyzgLYN9qzfdcCfyI8ilc6IMxOyX4sspwkv98hg==
  dependencies:
    "@prisma/debug" "5.16.0"
    "@prisma/engines-version" "5.16.0-24.34ace0eb2704183d2c05b60b52fba5c43c13f303"
    "@prisma/fetch-engine" "5.16.0"
    "@prisma/get-platform" "5.16.0"

"@prisma/fetch-engine@5.16.0":
  version "5.16.0"
  resolved "https://registry.yarnpkg.com/@prisma/fetch-engine/-/fetch-engine-5.16.0.tgz#3bb33ede8e8da773011120db6977350ee778f8d1"
  integrity sha512-8C8y6J9eWRl+R/aO3vQ2HlmM9IbjAmrZaaEAdC0OJfG3CHvbTOcL7VRY6CEUKo8RwZ8bdATOePaSMS634fHWgw==
  dependencies:
    "@prisma/debug" "5.16.0"
    "@prisma/engines-version" "5.16.0-24.34ace0eb2704183d2c05b60b52fba5c43c13f303"
    "@prisma/get-platform" "5.16.0"

"@prisma/get-platform@5.16.0":
  version "5.16.0"
  resolved "https://registry.yarnpkg.com/@prisma/get-platform/-/get-platform-5.16.0.tgz#a0333a75fad33185de2f6446aa7c496325c34e95"
  integrity sha512-ynp2jAYfYdd7OObX+uWaFRpvhPVmpF0nsRMhbrWdVVUj39q3Zr8dGz5WDj2g+BTUE++u1T1Am3RyM3PBQdDZXA==
  dependencies:
    "@prisma/debug" "5.16.0"

prisma@5.16.0:
  version "5.16.0"
  resolved "https://registry.yarnpkg.com/prisma/-/prisma-5.16.0.tgz#cabece9ebec2cb0832478f00789218cc00508992"
  integrity sha512-T1ZWJT/vgzp3rtRmd1iCSnPPsgOItXnnny+/cfpHraowiBEvUMD2pEI6yEOL6CP2EelTmq4wKDbXbYucy4Fd+A==
  dependencies:
    "@prisma/engines" "5.16.0"
